
Microsoft Visual Studio Solution File, Format Version 12.00
# Visual Studio Version 17
VisualStudioVersion = 17.9.34622.214
MinimumVisualStudioVersion = 10.0.40219.1
Project("{FAE04EC0-301F-11D3-BF4B-00C04F79EFBC}") = "Data", "Data\Data.csproj", "{1F1E5C1C-6F0E-4BB9-AEA0-B2BAF7FEE370}"
EndProject
Project("{2150E333-8FDC-42A3-9474-1A3956D46DE8}") = "Solution Items", "Solution Items", "{2F4962F9-5D74-44E9-8063-3DAD75D05411}"
	ProjectSection(SolutionItems) = preProject
		DatabaseSetup.sql = DatabaseSetup.sql
		README.md = README.md
	EndProjectSection
EndProject
Project("{FAE04EC0-301F-11D3-BF4B-00C04F79EFBC}") = "Tests", "Tests\Tests.csproj", "{4FC6D350-4301-4B3F-93B5-55EE1D3CCCFC}"
EndProject
Global
	GlobalSection(SolutionConfigurationPlatforms) = preSolution
		Debug|Any CPU = Debug|Any CPU
		Release|Any CPU = Release|Any CPU
	EndGlobalSection
	GlobalSection(ProjectConfigurationPlatforms) = postSolution
		{1F1E5C1C-6F0E-4BB9-AEA0-B2BAF7FEE370}.Debug|Any CPU.ActiveCfg = Debug|Any CPU
		{1F1E5C1C-6F0E-4BB9-AEA0-B2BAF7FEE370}.Debug|Any CPU.Build.0 = Debug|Any CPU
		{1F1E5C1C-6F0E-4BB9-AEA0-B2BAF7FEE370}.Release|Any CPU.ActiveCfg = Release|Any CPU
		{1F1E5C1C-6F0E-4BB9-AEA0-B2BAF7FEE370}.Release|Any CPU.Build.0 = Release|Any CPU
		{4FC6D350-4301-4B3F-93B5-55EE1D3CCCFC}.Debug|Any CPU.ActiveCfg = Debug|Any CPU
		{4FC6D350-4301-4B3F-93B5-55EE1D3CCCFC}.Debug|Any CPU.Build.0 = Debug|Any CPU
		{4FC6D350-4301-4B3F-93B5-55EE1D3CCCFC}.Release|Any CPU.ActiveCfg = Release|Any CPU
		{4FC6D350-4301-4B3F-93B5-55EE1D3CCCFC}.Release|Any CPU.Build.0 = Release|Any CPU
	EndGlobalSection
	GlobalSection(SolutionProperties) = preSolution
		HideSolutionNode = FALSE
	EndGlobalSection
	GlobalSection(ExtensibilityGlobals) = postSolution
		SolutionGuid = {A7675910-7F28-45D7-834E-2B80B4A8A8A8}
	EndGlobalSection
EndGlobal
